# THIS IS AN AUTOGENERATED FILE. DO NOT EDIT THIS FILE DIRECTLY.
# yarn lockfile v1


"@gamalielmh921230/node_timer@^1.0.13":
  version "1.0.13"
  resolved "https://registry.yarnpkg.com/@gamalielmh921230/node_timer/-/node_timer-1.0.13.tgz#7416b03be0f7e4bde514f0947c6a463f34cb97e7"
  integrity sha512-nMRnXjMBWIq4yiNk7ZUL3XHrCyrQLzR8uyam8hqUDueKrVJEX5uPt9RPyyFaCObG+M+vgcMyWlpwbeS0h+uCnQ==
